
Microsoft Visual Studio Solution File, Format Version 12.00
# Visual Studio 2017
Project("{FAE04EC0-301F-11D3-BF4B-00C04F79EFBC}") = "ARKit Depot v02", "ARKit Depot v02.csproj", "{6E2A289D-4BD5-0A6E-D1BF-665603A88414}"
EndProject
Project("{FAE04EC0-301F-11D3-BF4B-00C04F79EFBC}") = "ARKit Depot v02.Plugins", "ARKit Depot v02.Plugins.csproj", "{F7C63FF5-212C-DFF6-23EC-8632D083E7BD}"
EndProject
Project("{FAE04EC0-301F-11D3-BF4B-00C04F79EFBC}") = "ARKit Depot v02.Editor", "ARKit Depot v02.Editor.csproj", "{1AB8675D-327F-C5D1-CB53-8742B7E93E63}"
EndProject
Project("{FAE04EC0-301F-11D3-BF4B-00C04F79EFBC}") = "ARKit Depot v02.Editor.Plugins", "ARKit Depot v02.Editor.Plugins.csproj", "{AD2A9C8B-1989-369C-59C0-480B794DF218}"
EndProject
Global
	GlobalSection(SolutionConfigurationPlatforms) = preSolution
		Debug|Any CPU = Debug|Any CPU
		Release|Any CPU = Release|Any CPU
	EndGlobalSection
	GlobalSection(ProjectConfigurationPlatforms) = postSolution
		{6E2A289D-4BD5-0A6E-D1BF-665603A88414}.Debug|Any CPU.ActiveCfg = Debug|Any CPU
		{6E2A289D-4BD5-0A6E-D1BF-665603A88414}.Debug|Any CPU.Build.0 = Debug|Any CPU
		{6E2A289D-4BD5-0A6E-D1BF-665603A88414}.Release|Any CPU.ActiveCfg = Release|Any CPU
		{6E2A289D-4BD5-0A6E-D1BF-665603A88414}.Release|Any CPU.Build.0 = Release|Any CPU
		{F7C63FF5-212C-DFF6-23EC-8632D083E7BD}.Debug|Any CPU.ActiveCfg = Debug|Any CPU
		{F7C63FF5-212C-DFF6-23EC-8632D083E7BD}.Debug|Any CPU.Build.0 = Debug|Any CPU
		{F7C63FF5-212C-DFF6-23EC-8632D083E7BD}.Release|Any CPU.ActiveCfg = Release|Any CPU
		{F7C63FF5-212C-DFF6-23EC-8632D083E7BD}.Release|Any CPU.Build.0 = Release|Any CPU
		{1AB8675D-327F-C5D1-CB53-8742B7E93E63}.Debug|Any CPU.ActiveCfg = Debug|Any CPU
		{1AB8675D-327F-C5D1-CB53-8742B7E93E63}.Debug|Any CPU.Build.0 = Debug|Any CPU
		{1AB8675D-327F-C5D1-CB53-8742B7E93E63}.Release|Any CPU.ActiveCfg = Release|Any CPU
		{1AB8675D-327F-C5D1-CB53-8742B7E93E63}.Release|Any CPU.Build.0 = Release|Any CPU
		{AD2A9C8B-1989-369C-59C0-480B794DF218}.Debug|Any CPU.ActiveCfg = Debug|Any CPU
		{AD2A9C8B-1989-369C-59C0-480B794DF218}.Debug|Any CPU.Build.0 = Debug|Any CPU
		{AD2A9C8B-1989-369C-59C0-480B794DF218}.Release|Any CPU.ActiveCfg = Release|Any CPU
		{AD2A9C8B-1989-369C-59C0-480B794DF218}.Release|Any CPU.Build.0 = Release|Any CPU
	EndGlobalSection
	GlobalSection(SolutionProperties) = preSolution
		HideSolutionNode = FALSE
	EndGlobalSection
EndGlobal
